// !$*UTF8*$!
{
	archiveVersion = 1;
	classes = {
	};
	objectVersion = 50;
	objects = {

/* Begin PBXBuildFile section */
		6752828B54464A3ABD9B20FB /* Pods_ParseChatTests.framework in Frameworks */ = {isa = PBXBuildFile; fileRef = C92922D7686CB47BC4757A68 /* Pods_ParseChatTests.framework */; };
		6978B56A2EEB5E5630704BB2 /* Pods_ParseChatUITests.framework in Frameworks */ = {isa = PBXBuildFile; fileRef = 0A7B5212745E889195B02F76 /* Pods_ParseChatUITests.framework */; };
		7F2361B1C5FEE50C9DBE2227 /* Pods_ParseChat.framework in Frameworks */ = {isa = PBXBuildFile; fileRef = 925B229BE2EC5D4504D87351 /* Pods_ParseChat.framework */; };
		CE72F27721814E1B00797817 /* AppDelegate.swift in Sources */ = {isa = PBXBuildFile; fileRef = CE72F27621814E1B00797817 /* AppDelegate.swift */; };
		CE72F27921814E1B00797817 /* LoginViewController.swift in Sources */ = {isa = PBXBuildFile; fileRef = CE72F27821814E1B00797817 /* LoginViewController.swift */; };
		CE72F27C21814E1B00797817 /* Main.storyboard in Resources */ = {isa = PBXBuildFile; fileRef = CE72F27A21814E1B00797817 /* Main.storyboard */; };
		CE72F27E21814E1D00797817 /* Assets.xcassets in Resources */ = {isa = PBXBuildFile; fileRef = CE72F27D21814E1D00797817 /* Assets.xcassets */; };
		CE72F28121814E1D00797817 /* LaunchScreen.storyboard in Resources */ = {isa = PBXBuildFile; fileRef = CE72F27F21814E1D00797817 /* LaunchScreen.storyboard */; };
		CE72F28C21814E1D00797817 /* ParseChatTests.swift in Sources */ = {isa = PBXBuildFile; fileRef = CE72F28B21814E1D00797817 /* ParseChatTests.swift */; };
		CE72F29721814E1D00797817 /* ParseChatUITests.swift in Sources */ = {isa = PBXBuildFile; fileRef = CE72F29621814E1D00797817 /* ParseChatUITests.swift */; };
		CE72F2A521815DED00797817 /* ChatViewController.swift in Sources */ = {isa = PBXBuildFile; fileRef = CE72F2A421815DED00797817 /* ChatViewController.swift */; };
		CE72F2A72181647A00797817 /* ChatCell.swift in Sources */ = {isa = PBXBuildFile; fileRef = CE72F2A62181647A00797817 /* ChatCell.swift */; };
/* End PBXBuildFile section */

/* Begin PBXContainerItemProxy section */
		CE72F28821814E1D00797817 /* PBXContainerItemProxy */ = {
			isa = PBXContainerItemProxy;
			containerPortal = CE72F26B21814E1B00797817 /* Project object */;
			proxyType = 1;
			remoteGlobalIDString = CE72F27221814E1B00797817;
			remoteInfo = ParseChat;
		};
		CE72F29321814E1D00797817 /* PBXContainerItemProxy */ = {
			isa = PBXContainerItemProxy;
			containerPortal = CE72F26B21814E1B00797817 /* Project object */;
			proxyType = 1;
			remoteGlobalIDString = CE72F27221814E1B00797817;
			remoteInfo = ParseChat;
		};
/* End PBXContainerItemProxy section */

/* Begin PBXFileReference section */
		0A7B5212745E889195B02F76 /* Pods_ParseChatUITests.framework */ = {isa = PBXFileReference; explicitFileType = wrapper.framework; includeInIndex = 0; path = Pods_ParseChatUITests.framework; sourceTree = BUILT_PRODUCTS_DIR; };
		0BD53E66BB2E598D592DDC4E /* Pods-ParseChatTests.debug.xcconfig */ = {isa = PBXFileReference; includeInIndex = 1; lastKnownFileType = text.xcconfig; name = "Pods-ParseChatTests.debug.xcconfig"; path = "Pods/Target Support Files/Pods-ParseChatTests/Pods-ParseChatTests.debug.xcconfig"; sourceTree = "<group>"; };
		4B78189221580B865DAF103E /* Pods-ParseChatUITests.release.xcconfig */ = {isa = PBXFileReference; includeInIndex = 1; lastKnownFileType = text.xcconfig; name = "Pods-ParseChatUITests.release.xcconfig"; path = "Pods/Target Support Files/Pods-ParseChatUITests/Pods-ParseChatUITests.release.xcconfig"; sourceTree = "<group>"; };
		58F3C81EA2CEB964F07CACB4 /* Pods-ParseChatTests.release.xcconfig */ = {isa = PBXFileReference; includeInIndex = 1; lastKnownFileType = text.xcconfig; name = "Pods-ParseChatTests.release.xcconfig"; path = "Pods/Target Support Files/Pods-ParseChatTests/Pods-ParseChatTests.release.xcconfig"; sourceTree = "<group>"; };
		6D73514496BB7160EEA54926 /* Pods-ParseChat.release.xcconfig */ = {isa = PBXFileReference; includeInIndex = 1; lastKnownFileType = text.xcconfig; name = "Pods-ParseChat.release.xcconfig"; path = "Pods/Target Support Files/Pods-ParseChat/Pods-ParseChat.release.xcconfig"; sourceTree = "<group>"; };
		925B229BE2EC5D4504D87351 /* Pods_ParseChat.framework */ = {isa = PBXFileReference; explicitFileType = wrapper.framework; includeInIndex = 0; path = Pods_ParseChat.framework; sourceTree = BUILT_PRODUCTS_DIR; };
		9AC3E10059AAFA94999D9F52 /* Pods-ParseChat.debug.xcconfig */ = {isa = PBXFileReference; includeInIndex = 1; lastKnownFileType = text.xcconfig; name = "Pods-ParseChat.debug.xcconfig"; path = "Pods/Target Support Files/Pods-ParseChat/Pods-ParseChat.debug.xcconfig"; sourceTree = "<group>"; };
		C63EE7C3073A9E138933877C /* Pods-ParseChatUITests.debug.xcconfig */ = {isa = PBXFileReference; includeInIndex = 1; lastKnownFileType = text.xcconfig; name = "Pods-ParseChatUITests.debug.xcconfig"; path = "Pods/Target Support Files/Pods-ParseChatUITests/Pods-ParseChatUITests.debug.xcconfig"; sourceTree = "<group>"; };
		C92922D7686CB47BC4757A68 /* Pods_ParseChatTests.framework */ = {isa = PBXFileReference; explicitFileType = wrapper.framework; includeInIndex = 0; path = Pods_ParseChatTests.framework; sourceTree = BUILT_PRODUCTS_DIR; };
		CE72F27321814E1B00797817 /* ParseChat.app */ = {isa = PBXFileReference; explicitFileType = wrapper.application; includeInIndex = 0; path = ParseChat.app; sourceTree = BUILT_PRODUCTS_DIR; };
		CE72F27621814E1B00797817 /* AppDelegate.swift */ = {isa = PBXFileReference; lastKnownFileType = sourcecode.swift; path = AppDelegate.swift; sourceTree = "<group>"; };
		CE72F27821814E1B00797817 /* LoginViewController.swift */ = {isa = PBXFileReference; lastKnownFileType = sourcecode.swift; path = LoginViewController.swift; sourceTree = "<group>"; };
		CE72F27B21814E1B00797817 /* Base */ = {isa = PBXFileReference; lastKnownFileType = file.storyboard; name = Base; path = Base.lproj/Main.storyboard; sourceTree = "<group>"; };
		CE72F27D21814E1D00797817 /* Assets.xcassets */ = {isa = PBXFileReference; lastKnownFileType = folder.assetcatalog; path = Assets.xcassets; sourceTree = "<group>"; };
		CE72F28021814E1D00797817 /* Base */ = {isa = PBXFileReference; lastKnownFileType = file.storyboard; name = Base; path = Base.lproj/LaunchScreen.storyboard; sourceTree = "<group>"; };
		CE72F28221814E1D00797817 /* Info.plist */ = {isa = PBXFileReference; lastKnownFileType = text.plist.xml; path = Info.plist; sourceTree = "<group>"; };
		CE72F28721814E1D00797817 /* ParseChatTests.xctest */ = {isa = PBXFileReference; explicitFileType = wrapper.cfbundle; includeInIndex = 0; path = ParseChatTests.xctest; sourceTree = BUILT_PRODUCTS_DIR; };
		CE72F28B21814E1D00797817 /* ParseChatTests.swift */ = {isa = PBXFileReference; lastKnownFileType = sourcecode.swift; path = ParseChatTests.swift; sourceTree = "<group>"; };
		CE72F28D21814E1D00797817 /* Info.plist */ = {isa = PBXFileReference; lastKnownFileType = text.plist.xml; path = Info.plist; sourceTree = "<group>"; };
		CE72F29221814E1D00797817 /* ParseChatUITests.xctest */ = {isa = PBXFileReference; explicitFileType = wrapper.cfbundle; includeInIndex = 0; path = ParseChatUITests.xctest; sourceTree = BUILT_PRODUCTS_DIR; };
		CE72F29621814E1D00797817 /* ParseChatUITests.swift */ = {isa = PBXFileReference; lastKnownFileType = sourcecode.swift; path = ParseChatUITests.swift; sourceTree = "<group>"; };
		CE72F29821814E1D00797817 /* Info.plist */ = {isa = PBXFileReference; lastKnownFileType = text.plist.xml; path = Info.plist; sourceTree = "<group>"; };
		CE72F2A421815DED00797817 /* ChatViewController.swift */ = {isa = PBXFileReference; lastKnownFileType = sourcecode.swift; path = ChatViewController.swift; sourceTree = "<group>"; };
		CE72F2A62181647A00797817 /* ChatCell.swift */ = {isa = PBXFileReference; lastKnownFileType = sourcecode.swift; path = ChatCell.swift; sourceTree = "<group>"; };
/* End PBXFileReference section */

/* Begin PBXFrameworksBuildPhase section */
		CE72F27021814E1B00797817 /* Frameworks */ = {
			isa = PBXFrameworksBuildPhase;
			buildActionMask = 2147483647;
			files = (
				7F2361B1C5FEE50C9DBE2227 /* Pods_ParseChat.framework in Frameworks */,
			);
			runOnlyForDeploymentPostprocessing = 0;
		};
		CE72F28421814E1D00797817 /* Frameworks */ = {
			isa = PBXFrameworksBuildPhase;
			buildActionMask = 2147483647;
			files = (
				6752828B54464A3ABD9B20FB /* Pods_ParseChatTests.framework in Frameworks */,
			);
			runOnlyForDeploymentPostprocessing = 0;
		};
		CE72F28F21814E1D00797817 /* Frameworks */ = {
			isa = PBXFrameworksBuildPhase;
			buildActionMask = 2147483647;
			files = (
				6978B56A2EEB5E5630704BB2 /* Pods_ParseChatUITests.framework in Frameworks */,
			);
			runOnlyForDeploymentPostprocessing = 0;
		};
/* End PBXFrameworksBuildPhase section */

/* Begin PBXGroup section */
		83DDF2FB958691B9CB96DBD0 /* Frameworks */ = {
			isa = PBXGroup;
			children = (
				925B229BE2EC5D4504D87351 /* Pods_ParseChat.framework */,
				C92922D7686CB47BC4757A68 /* Pods_ParseChatTests.framework */,
				0A7B5212745E889195B02F76 /* Pods_ParseChatUITests.framework */,
			);
			name = Frameworks;
			sourceTree = "<group>";
		};
		C9A3DFAAC7BA0BEB01D24B96 /* Pods */ = {
			isa = PBXGroup;
			children = (
				9AC3E10059AAFA94999D9F52 /* Pods-ParseChat.debug.xcconfig */,
				6D73514496BB7160EEA54926 /* Pods-ParseChat.release.xcconfig */,
				0BD53E66BB2E598D592DDC4E /* Pods-ParseChatTests.debug.xcconfig */,
				58F3C81EA2CEB964F07CACB4 /* Pods-ParseChatTests.release.xcconfig */,
				C63EE7C3073A9E138933877C /* Pods-ParseChatUITests.debug.xcconfig */,
				4B78189221580B865DAF103E /* Pods-ParseChatUITests.release.xcconfig */,
			);
			name = Pods;
			sourceTree = "<group>";
		};
		CE72F26A21814E1B00797817 = {
			isa = PBXGroup;
			children = (
				CE72F27521814E1B00797817 /* ParseChat */,
				CE72F28A21814E1D00797817 /* ParseChatTests */,
				CE72F29521814E1D00797817 /* ParseChatUITests */,
				CE72F27421814E1B00797817 /* Products */,
				C9A3DFAAC7BA0BEB01D24B96 /* Pods */,
				83DDF2FB958691B9CB96DBD0 /* Frameworks */,
			);
			sourceTree = "<group>";
		};
		CE72F27421814E1B00797817 /* Products */ = {
			isa = PBXGroup;
			children = (
				CE72F27321814E1B00797817 /* ParseChat.app */,
				CE72F28721814E1D00797817 /* ParseChatTests.xctest */,
				CE72F29221814E1D00797817 /* ParseChatUITests.xctest */,
			);
			name = Products;
			sourceTree = "<group>";
		};
		CE72F27521814E1B00797817 /* ParseChat */ = {
			isa = PBXGroup;
			children = (
				CE72F27621814E1B00797817 /* AppDelegate.swift */,
				CE72F2A62181647A00797817 /* ChatCell.swift */,
				CE72F27821814E1B00797817 /* LoginViewController.swift */,
				CE72F2A421815DED00797817 /* ChatViewController.swift */,
				CE72F27A21814E1B00797817 /* Main.storyboard */,
				CE72F27D21814E1D00797817 /* Assets.xcassets */,
				CE72F27F21814E1D00797817 /* LaunchScreen.storyboard */,
				CE72F28221814E1D00797817 /* Info.plist */,
			);
			path = ParseChat;
			sourceTree = "<group>";
		};
		CE72F28A21814E1D00797817 /* ParseChatTests */ = {
			isa = PBXGroup;
			children = (
				CE72F28B21814E1D00797817 /* ParseChatTests.swift */,
				CE72F28D21814E1D00797817 /* Info.plist */,
			);
			path = ParseChatTests;
			sourceTree = "<group>";
		};
		CE72F29521814E1D00797817 /* ParseChatUITests */ = {
			isa = PBXGroup;
			children = (
				CE72F29621814E1D00797817 /* ParseChatUITests.swift */,
				CE72F29821814E1D00797817 /* Info.plist */,
			);
			path = ParseChatUITests;
			sourceTree = "<group>";
		};
/* End PBXGroup section */

/* Begin PBXNativeTarget section */
		CE72F27221814E1B00797817 /* ParseChat */ = {
			isa = PBXNativeTarget;
			buildConfigurationList = CE72F29B21814E1D00797817 /* Build configuration list for PBXNativeTarget "ParseChat" */;
			buildPhases = (
				3CCA943BEC2B4D64915C19E5 /* [CP] Check Pods Manifest.lock */,
				CE72F26F21814E1B00797817 /* Sources */,
				CE72F27021814E1B00797817 /* Frameworks */,
				CE72F27121814E1B00797817 /* Resources */,
				56F02E739554D8625DBE6BD2 /* [CP] Embed Pods Frameworks */,
			);
			buildRules = (
			);
			dependencies = (
			);
			name = ParseChat;
			productName = ParseChat;
			productReference = CE72F27321814E1B00797817 /* ParseChat.app */;
			productType = "com.apple.product-type.application";
		};
		CE72F28621814E1D00797817 /* ParseChatTests */ = {
			isa = PBXNativeTarget;
			buildConfigurationList = CE72F29E21814E1D00797817 /* Build configuration list for PBXNativeTarget "ParseChatTests" */;
			buildPhases = (
				382C8A9B3C3A4A37D9BB856B /* [CP] Check Pods Manifest.lock */,
				CE72F28321814E1D00797817 /* Sources */,
				CE72F28421814E1D00797817 /* Frameworks */,
				CE72F28521814E1D00797817 /* Resources */,
			);
			buildRules = (
			);
			dependencies = (
				CE72F28921814E1D00797817 /* PBXTargetDependency */,
			);
			name = ParseChatTests;
			productName = ParseChatTests;
			productReference = CE72F28721814E1D00797817 /* ParseChatTests.xctest */;
			productType = "com.apple.product-type.bundle.unit-test";
		};
		CE72F29121814E1D00797817 /* ParseChatUITests */ = {
			isa = PBXNativeTarget;
			buildConfigurationList = CE72F2A121814E1D00797817 /* Build configuration list for PBXNativeTarget "ParseChatUITests" */;
			buildPhases = (
				578D2C33CC1B3672F50D7E7C /* [CP] Check Pods Manifest.lock */,
				CE72F28E21814E1D00797817 /* Sources */,
				CE72F28F21814E1D00797817 /* Frameworks */,
				CE72F29021814E1D00797817 /* Resources */,
			);
			buildRules = (
			);
			dependencies = (
				CE72F29421814E1D00797817 /* PBXTargetDependency */,
			);
			name = ParseChatUITests;
			productName = ParseChatUITests;
			productReference = CE72F29221814E1D00797817 /* ParseChatUITests.xctest */;
			productType = "com.apple.product-type.bundle.ui-testing";
		};
/* End PBXNativeTarget section */

/* Begin PBXProject section */
		CE72F26B21814E1B00797817 /* Project object */ = {
			isa = PBXProject;
			attributes = {
				LastSwiftUpdateCheck = 1010;
				LastUpgradeCheck = 1010;
				ORGANIZATIONNAME = "Leslie ";
				TargetAttributes = {
					CE72F27221814E1B00797817 = {
						CreatedOnToolsVersion = 10.1;
					};
					CE72F28621814E1D00797817 = {
						CreatedOnToolsVersion = 10.1;
						TestTargetID = CE72F27221814E1B00797817;
					};
					CE72F29121814E1D00797817 = {
						CreatedOnToolsVersion = 10.1;
						TestTargetID = CE72F27221814E1B00797817;
					};
				};
			};
			buildConfigurationList = CE72F26E21814E1B00797817 /* Build configuration list for PBXProject "ParseChat" */;
			compatibilityVersion = "Xcode 9.3";
			developmentRegion = en;
			hasScannedForEncodings = 0;
			knownRegions = (
				en,
				Base,
			);
			mainGroup = CE72F26A21814E1B00797817;
			productRefGroup = CE72F27421814E1B00797817 /* Products */;
			projectDirPath = "";
			projectRoot = "";
			targets = (
				CE72F27221814E1B00797817 /* ParseChat */,
				CE72F28621814E1D00797817 /* ParseChatTests */,
				CE72F29121814E1D00797817 /* ParseChatUITests */,
			);
		};
/* End PBXProject section */

/* Begin PBXResourcesBuildPhase section */
		CE72F27121814E1B00797817 /* Resources */ = {
			isa = PBXResourcesBuildPhase;
			buildActionMask = 2147483647;
			files = (
				CE72F28121814E1D00797817 /* LaunchScreen.storyboard in Resources */,
				CE72F27E21814E1D00797817 /* Assets.xcassets in Resources */,
				CE72F27C21814E1B00797817 /* Main.storyboard in Resources */,
			);
			runOnlyForDeploymentPostprocessing = 0;
		};
		CE72F28521814E1D00797817 /* Resources */ = {
			isa = PBXResourcesBuildPhase;
			buildActionMask = 2147483647;
			files = (
			);
			runOnlyForDeploymentPostprocessing = 0;
		};
		CE72F29021814E1D00797817 /* Resources */ = {
			isa = PBXResourcesBuildPhase;
			buildActionMask = 2147483647;
			files = (
			);
			runOnlyForDeploymentPostprocessing = 0;
		};
/* End PBXResourcesBuildPhase section */

/* Begin PBXShellScriptBuildPhase section */
		382C8A9B3C3A4A37D9BB856B /* [CP] Check Pods Manifest.lock */ = {
			isa = PBXShellScriptBuildPhase;
			buildActionMask = 2147483647;
			files = (
			);
			inputFileListPaths = (
			);
			inputPaths = (
				"${PODS_PODFILE_DIR_PATH}/Podfile.lock",
				"${PODS_ROOT}/Manifest.lock",
			);
			name = "[CP] Check Pods Manifest.lock";
			outputFileListPaths = (
			);
			outputPaths = (
				"$(DERIVED_FILE_DIR)/Pods-ParseChatTests-checkManifestLockResult.txt",
			);
			runOnlyForDeploymentPostprocessing = 0;
			shellPath = /bin/sh;
			shellScript = "diff \"${PODS_PODFILE_DIR_PATH}/Podfile.lock\" \"${PODS_ROOT}/Manifest.lock\" > /dev/null\nif [ $? != 0 ] ; then\n    # print error to STDERR\n    echo \"error: The sandbox is not in sync with the Podfile.lock. Run 'pod install' or update your CocoaPods installation.\" >&2\n    exit 1\nfi\n# This output is used by Xcode 'outputs' to avoid re-running this script phase.\necho \"SUCCESS\" > \"${SCRIPT_OUTPUT_FILE_0}\"\n";
			showEnvVarsInLog = 0;
		};
		3CCA943BEC2B4D64915C19E5 /* [CP] Check Pods Manifest.lock */ = {
			isa = PBXShellScriptBuildPhase;
			buildActionMask = 2147483647;
			files = (
			);
			inputFileListPaths = (
			);
			inputPaths = (
				"${PODS_PODFILE_DIR_PATH}/Podfile.lock",
				"${PODS_ROOT}/Manifest.lock",
			);
			name = "[CP] Check Pods Manifest.lock";
			outputFileListPaths = (
			);
			outputPaths = (
				"$(DERIVED_FILE_DIR)/Pods-ParseChat-checkManifestLockResult.txt",
			);
			runOnlyForDeploymentPostprocessing = 0;
			shellPath = /bin/sh;
			shellScript = "diff \"${PODS_PODFILE_DIR_PATH}/Podfile.lock\" \"${PODS_ROOT}/Manifest.lock\" > /dev/null\nif [ $? != 0 ] ; then\n    # print error to STDERR\n    echo \"error: The sandbox is not in sync with the Podfile.lock. Run 'pod install' or update your CocoaPods installation.\" >&2\n    exit 1\nfi\n# This output is used by Xcode 'outputs' to avoid re-running this script phase.\necho \"SUCCESS\" > \"${SCRIPT_OUTPUT_FILE_0}\"\n";
			showEnvVarsInLog = 0;
		};
		56F02E739554D8625DBE6BD2 /* [CP] Embed Pods Frameworks */ = {
			isa = PBXShellScriptBuildPhase;
			buildActionMask = 2147483647;
			files = (
			);
			inputFileListPaths = (
			);
			inputPaths = (
				"${SRCROOT}/Pods/Target Support Files/Pods-ParseChat/Pods-ParseChat-frameworks.sh",
				"${BUILT_PRODUCTS_DIR}/Bolts/Bolts.framework",
				"${BUILT_PRODUCTS_DIR}/Parse/Parse.framework",
			);
			name = "[CP] Embed Pods Frameworks";
			outputFileListPaths = (
			);
			outputPaths = (
				"${TARGET_BUILD_DIR}/${FRAMEWORKS_FOLDER_PATH}/Bolts.framework",
				"${TARGET_BUILD_DIR}/${FRAMEWORKS_FOLDER_PATH}/Parse.framework",
			);
			runOnlyForDeploymentPostprocessing = 0;
			shellPath = /bin/sh;
			shellScript = "\"${SRCROOT}/Pods/Target Support Files/Pods-ParseChat/Pods-ParseChat-frameworks.sh\"\n";
			showEnvVarsInLog = 0;
		};
		578D2C33CC1B3672F50D7E7C /* [CP] Check Pods Manifest.lock */ = {
			isa = PBXShellScriptBuildPhase;
			buildActionMask = 2147483647;
			files = (
			);
			inputFileListPaths = (
			);
			inputPaths = (
				"${PODS_PODFILE_DIR_PATH}/Podfile.lock",
				"${PODS_ROOT}/Manifest.lock",
			);
			name = "[CP] Check Pods Manifest.lock";
			outputFileListPaths = (
			);
			outputPaths = (
				"$(DERIVED_FILE_DIR)/Pods-ParseChatUITests-checkManifestLockResult.txt",
			);
			runOnlyForDeploymentPostprocessing = 0;
			shellPath = /bin/sh;
			shellScript = "diff \"${PODS_PODFILE_DIR_PATH}/Podfile.lock\" \"${PODS_ROOT}/Manifest.lock\" > /dev/null\nif [ $? != 0 ] ; then\n    # print error to STDERR\n    echo \"error: The sandbox is not in sync with the Podfile.lock. Run 'pod install' or update your CocoaPods installation.\" >&2\n    exit 1\nfi\n# This output is used by Xcode 'outputs' to avoid re-running this script phase.\necho \"SUCCESS\" > \"${SCRIPT_OUTPUT_FILE_0}\"\n";
			showEnvVarsInLog = 0;
		};
/* End PBXShellScriptBuildPhase section */

/* Begin PBXSourcesBuildPhase section */
		CE72F26F21814E1B00797817 /* Sources */ = {
			isa = PBXSourcesBuildPhase;
			buildActionMask = 2147483647;
			files = (
				CE72F27921814E1B00797817 /* LoginViewController.swift in Sources */,
				CE72F2A72181647A00797817 /* ChatCell.swift in Sources */,
				CE72F2A521815DED00797817 /* ChatViewController.swift in Sources */,
				CE72F27721814E1B00797817 /* AppDelegate.swift in Sources */,
			);
			runOnlyForDeploymentPostprocessing = 0;
		};
		CE72F28321814E1D00797817 /* Sources */ = {
			isa = PBXSourcesBuildPhase;
			buildActionMask = 2147483647;
			files = (
				CE72F28C21814E1D00797817 /* ParseChatTests.swift in Sources */,
			);
			runOnlyForDeploymentPostprocessing = 0;
		};
		CE72F28E21814E1D00797817 /* Sources */ = {
			isa = PBXSourcesBuildPhase;
			buildActionMask = 2147483647;
			files = (
				CE72F29721814E1D00797817 /* ParseChatUITests.swift in Sources */,
			);
			runOnlyForDeploymentPostprocessing = 0;
		};
/* End PBXSourcesBuildPhase section */

/* Begin PBXTargetDependency section */
		CE72F28921814E1D00797817 /* PBXTargetDependency */ = {
			isa = PBXTargetDependency;
			target = CE72F27221814E1B00797817 /* ParseChat */;
			targetProxy = CE72F28821814E1D00797817 /* PBXContainerItemProxy */;
		};
		CE72F29421814E1D00797817 /* PBXTargetDependency */ = {
			isa = PBXTargetDependency;
			target = CE72F27221814E1B00797817 /* ParseChat */;
			targetProxy = CE72F29321814E1D00797817 /* PBXContainerItemProxy */;
		};
/* End PBXTargetDependency section */

/* Begin PBXVariantGroup section */
		CE72F27A21814E1B00797817 /* Main.storyboard */ = {
			isa = PBXVariantGroup;
			children = (
				CE72F27B21814E1B00797817 /* Base */,
			);
			name = Main.storyboard;
			sourceTree = "<group>";
		};
		CE72F27F21814E1D00797817 /* LaunchScreen.storyboard */ = {
			isa = PBXVariantGroup;
			children = (
				CE72F28021814E1D00797817 /* Base */,
			);
			name = LaunchScreen.storyboard;
			sourceTree = "<group>";
		};
/* End PBXVariantGroup section */

/* Begin XCBuildConfiguration section */
		CE72F29921814E1D00797817 /* Debug */ = {
			isa = XCBuildConfiguration;
			buildSettings = {
				ALWAYS_SEARCH_USER_PATHS = NO;
				CLANG_ANALYZER_NONNULL = YES;
				CLANG_ANALYZER_NUMBER_OBJECT_CONVERSION = YES_AGGRESSIVE;
				CLANG_CXX_LANGUAGE_STANDARD = "gnu++14";
				CLANG_CXX_LIBRARY = "libc++";
				CLANG_ENABLE_MODULES = YES;
				CLANG_ENABLE_OBJC_ARC = YES;
				CLANG_ENABLE_OBJC_WEAK = YES;
				CLANG_WARN_BLOCK_CAPTURE_AUTORELEASING = YES;
				CLANG_WARN_BOOL_CONVERSION = YES;
				CLANG_WARN_COMMA = YES;
				CLANG_WARN_CONSTANT_CONVERSION = YES;
				CLANG_WARN_DEPRECATED_OBJC_IMPLEMENTATIONS = YES;
				CLANG_WARN_DIRECT_OBJC_ISA_USAGE = YES_ERROR;
				CLANG_WARN_DOCUMENTATION_COMMENTS = YES;
				CLANG_WARN_EMPTY_BODY = YES;
				CLANG_WARN_ENUM_CONVERSION = YES;
				CLANG_WARN_INFINITE_RECURSION = YES;
				CLANG_WARN_INT_CONVERSION = YES;
				CLANG_WARN_NON_LITERAL_NULL_CONVERSION = YES;
				CLANG_WARN_OBJC_IMPLICIT_RETAIN_SELF = YES;
				CLANG_WARN_OBJC_LITERAL_CONVERSION = YES;
				CLANG_WARN_OBJC_ROOT_CLASS = YES_ERROR;
				CLANG_WARN_RANGE_LOOP_ANALYSIS = YES;
				CLANG_WARN_STRICT_PROTOTYPES = YES;
				CLANG_WARN_SUSPICIOUS_MOVE = YES;
				CLANG_WARN_UNGUARDED_AVAILABILITY = YES_AGGRESSIVE;
				CLANG_WARN_UNREACHABLE_CODE = YES;
				CLANG_WARN__DUPLICATE_METHOD_MATCH = YES;
				CODE_SIGN_IDENTITY = "iPhone Developer";
				COPY_PHASE_STRIP = NO;
				DEBUG_INFORMATION_FORMAT = dwarf;
				ENABLE_STRICT_OBJC_MSGSEND = YES;
				ENABLE_TESTABILITY = YES;
				GCC_C_LANGUAGE_STANDARD = gnu11;
				GCC_DYNAMIC_NO_PIC = NO;
				GCC_NO_COMMON_BLOCKS = YES;
				GCC_OPTIMIZATION_LEVEL = 0;
				GCC_PREPROCESSOR_DEFINITIONS = (
					"DEBUG=1",
					"$(inherited)",
				);
				GCC_WARN_64_TO_32_BIT_CONVERSION = YES;
				GCC_WARN_ABOUT_RETURN_TYPE = YES_ERROR;
				GCC_WARN_UNDECLARED_SELECTOR = YES;
				GCC_WARN_UNINITIALIZED_AUTOS = YES_AGGRESSIVE;
				GCC_WARN_UNUSED_FUNCTION = YES;
				GCC_WARN_UNUSED_VARIABLE = YES;
				IPHONEOS_DEPLOYMENT_TARGET = 12.1;
				MTL_ENABLE_DEBUG_INFO = INCLUDE_SOURCE;
				MTL_FAST_MATH = YES;
				ONLY_ACTIVE_ARCH = YES;
				SDKROOT = iphoneos;
				SWIFT_ACTIVE_COMPILATION_CONDITIONS = DEBUG;
				SWIFT_OPTIMIZATION_LEVEL = "-Onone";
			};
			name = Debug;
		};
		CE72F29A21814E1D00797817 /* Release */ = {
			isa = XCBuildConfiguration;
			buildSettings = {
				ALWAYS_SEARCH_USER_PATHS = NO;
				CLANG_ANALYZER_NONNULL = YES;
				CLANG_ANALYZER_NUMBER_OBJECT_CONVERSION = YES_AGGRESSIVE;
				CLANG_CXX_LANGUAGE_STANDARD = "gnu++14";
				CLANG_CXX_LIBRARY = "libc++";
				CLANG_ENABLE_MODULES = YES;
				CLANG_ENABLE_OBJC_ARC = YES;
				CLANG_ENABLE_OBJC_WEAK = YES;
				CLANG_WARN_BLOCK_CAPTURE_AUTORELEASING = YES;
				CLANG_WARN_BOOL_CONVERSION = YES;
				CLANG_WARN_COMMA = YES;
				CLANG_WARN_CONSTANT_CONVERSION = YES;
				CLANG_WARN_DEPRECATED_OBJC_IMPLEMENTATIONS = YES;
				CLANG_WARN_DIRECT_OBJC_ISA_USAGE = YES_ERROR;
				CLANG_WARN_DOCUMENTATION_COMMENTS = YES;
				CLANG_WARN_EMPTY_BODY = YES;
				CLANG_WARN_ENUM_CONVERSION = YES;
				CLANG_WARN_INFINITE_RECURSION = YES;
				CLANG_WARN_INT_CONVERSION = YES;
				CLANG_WARN_NON_LITERAL_NULL_CONVERSION = YES;
				CLANG_WARN_OBJC_IMPLICIT_RETAIN_SELF = YES;
				CLANG_WARN_OBJC_LITERAL_CONVERSION = YES;
				CLANG_WARN_OBJC_ROOT_CLASS = YES_ERROR;
				CLANG_WARN_RANGE_LOOP_ANALYSIS = YES;
				CLANG_WARN_STRICT_PROTOTYPES = YES;
				CLANG_WARN_SUSPICIOUS_MOVE = YES;
				CLANG_WARN_UNGUARDED_AVAILABILITY = YES_AGGRESSIVE;
				CLANG_WARN_UNREACHABLE_CODE = YES;
				CLANG_WARN__DUPLICATE_METHOD_MATCH = YES;
				CODE_SIGN_IDENTITY = "iPhone Developer";
				COPY_PHASE_STRIP = NO;
				DEBUG_INFORMATION_FORMAT = "dwarf-with-dsym";
				ENABLE_NS_ASSERTIONS = NO;
				ENABLE_STRICT_OBJC_MSGSEND = YES;
				GCC_C_LANGUAGE_STANDARD = gnu11;
				GCC_NO_COMMON_BLOCKS = YES;
				GCC_WARN_64_TO_32_BIT_CONVERSION = YES;
				GCC_WARN_ABOUT_RETURN_TYPE = YES_ERROR;
				GCC_WARN_UNDECLARED_SELECTOR = YES;
				GCC_WARN_UNINITIALIZED_AUTOS = YES_AGGRESSIVE;
				GCC_WARN_UNUSED_FUNCTION = YES;
				GCC_WARN_UNUSED_VARIABLE = YES;
				IPHONEOS_DEPLOYMENT_TARGET = 12.1;
				MTL_ENABLE_DEBUG_INFO = NO;
				MTL_FAST_MATH = YES;
				SDKROOT = iphoneos;
				SWIFT_COMPILATION_MODE = wholemodule;
				SWIFT_OPTIMIZATION_LEVEL = "-O";
				VALIDATE_PRODUCT = YES;
			};
			name = Release;
		};
		CE72F29C21814E1D00797817 /* Debug */ = {
			isa = XCBuildConfiguration;
			baseConfigurationReference = 9AC3E10059AAFA94999D9F52 /* Pods-ParseChat.debug.xcconfig */;
			buildSettings = {
				ASSETCATALOG_COMPILER_APPICON_NAME = AppIcon;
				CODE_SIGN_STYLE = Automatic;
				INFOPLIST_FILE = ParseChat/Info.plist;
				LD_RUNPATH_SEARCH_PATHS = (
					"$(inherited)",
					"@executable_path/Frameworks",
				);
				PRODUCT_BUNDLE_IDENTIFIER = Leslie.ParseChat;
				PRODUCT_NAME = "$(TARGET_NAME)";
				SWIFT_VERSION = 4.2;
				TARGETED_DEVICE_FAMILY = "1,2";
			};
			name = Debug;
		};
		CE72F29D21814E1D00797817 /* Release */ = {
			isa = XCBuildConfiguration;
			baseConfigurationReference = 6D73514496BB7160EEA54926 /* Pods-ParseChat.release.xcconfig */;
			buildSettings = {
				ASSETCATALOG_COMPILER_APPICON_NAME = AppIcon;
				CODE_SIGN_STYLE = Automatic;
				INFOPLIST_FILE = ParseChat/Info.plist;
				LD_RUNPATH_SEARCH_PATHS = (
					"$(inherited)",
					"@executable_path/Frameworks",
				);
				PRODUCT_BUNDLE_IDENTIFIER = Leslie.ParseChat;
				PRODUCT_NAME = "$(TARGET_NAME)";
				SWIFT_VERSION = 4.2;
				TARGETED_DEVICE_FAMILY = "1,2";
			};
			name = Release;
		};
		CE72F29F21814E1D00797817 /* Debug */ = {
			isa = XCBuildConfiguration;
			baseConfigurationReference = 0BD53E66BB2E598D592DDC4E /* Pods-ParseChatTests.debug.xcconfig */;
			buildSettings = {
				ALWAYS_EMBED_SWIFT_STANDARD_LIBRARIES = YES;
				BUNDLE_LOADER = "$(TEST_HOST)";
				CODE_SIGN_STYLE = Automatic;
				INFOPLIST_FILE = ParseChatTests/Info.plist;
				LD_RUNPATH_SEARCH_PATHS = (
					"$(inherited)",
					"@executable_path/Frameworks",
					"@loader_path/Frameworks",
				);
				PRODUCT_BUNDLE_IDENTIFIER = Leslie.ParseChatTests;
				PRODUCT_NAME = "$(TARGET_NAME)";
				SWIFT_VERSION = 4.2;
				TARGETED_DEVICE_FAMILY = "1,2";
				TEST_HOST = "$(BUILT_PRODUCTS_DIR)/ParseChat.app/ParseChat";
			};
			name = Debug;
		};
		CE72F2A021814E1D00797817 /* Release */ = {
			isa = XCBuildConfiguration;
			baseConfigurationReference = 58F3C81EA2CEB964F07CACB4 /* Pods-ParseChatTests.release.xcconfig */;
			buildSettings = {
				ALWAYS_EMBED_SWIFT_STANDARD_LIBRARIES = YES;
				BUNDLE_LOADER = "$(TEST_HOST)";
				CODE_SIGN_STYLE = Automatic;
				INFOPLIST_FILE = ParseChatTests/Info.plist;
				LD_RUNPATH_SEARCH_PATHS = (
					"$(inherited)",
					"@executable_path/Frameworks",
					"@loader_path/Frameworks",
				);
				PRODUCT_BUNDLE_IDENTIFIER = Leslie.ParseChatTests;
				PRODUCT_NAME = "$(TARGET_NAME)";
				SWIFT_VERSION = 4.2;
				TARGETED_DEVICE_FAMILY = "1,2";
				TEST_HOST = "$(BUILT_PRODUCTS_DIR)/ParseChat.app/ParseChat";
			};
			name = Release;
		};
		CE72F2A221814E1D00797817 /* Debug */ = {
			isa = XCBuildConfiguration;
			baseConfigurationReference = C63EE7C3073A9E138933877C /* Pods-ParseChatUITests.debug.xcconfig */;
			buildSettings = {
				ALWAYS_EMBED_SWIFT_STANDARD_LIBRARIES = YES;
				CODE_SIGN_STYLE = Automatic;
				INFOPLIST_FILE = ParseChatUITests/Info.plist;
				LD_RUNPATH_SEARCH_PATHS = (
					"$(inherited)",
					"@executable_path/Frameworks",
					"@loader_path/Frameworks",
				);
				PRODUCT_BUNDLE_IDENTIFIER = Leslie.ParseChatUITests;
				PRODUCT_NAME = "$(TARGET_NAME)";
				SWIFT_VERSION = 4.2;
				TARGETED_DEVICE_FAMILY = "1,2";
				TEST_TARGET_NAME = ParseChat;
			};
			name = Debug;
		};
		CE72F2A321814E1D00797817 /* Release */ = {
			isa = XCBuildConfiguration;
			baseConfigurationReference = 4B78189221580B865DAF103E /* Pods-ParseChatUITests.release.xcconfig */;
			buildSettings = {
				ALWAYS_EMBED_SWIFT_STANDARD_LIBRARIES = YES;
				CODE_SIGN_STYLE = Automatic;
				INFOPLIST_FILE = ParseChatUITests/Info.plist;
				LD_RUNPATH_SEARCH_PATHS = (
					"$(inherited)",
					"@executable_path/Frameworks",
					"@loader_path/Frameworks",
				);
				PRODUCT_BUNDLE_IDENTIFIER = Leslie.ParseChatUITests;
				PRODUCT_NAME = "$(TARGET_NAME)";
				SWIFT_VERSION = 4.2;
				TARGETED_DEVICE_FAMILY = "1,2";
				TEST_TARGET_NAME = ParseChat;
			};
			name = Release;
		};
/* End XCBuildConfiguration section */

/* Begin XCConfigurationList section */
		CE72F26E21814E1B00797817 /* Build configuration list for PBXProject "ParseChat" */ = {
			isa = XCConfigurationList;
			buildConfigurations = (
				CE72F29921814E1D00797817 /* Debug */,
				CE72F29A21814E1D00797817 /* Release */,
			);
			defaultConfigurationIsVisible = 0;
			defaultConfigurationName = Release;
		};
		CE72F29B21814E1D00797817 /* Build configuration list for PBXNativeTarget "ParseChat" */ = {
			isa = XCConfigurationList;
			buildConfigurations = (
				CE72F29C21814E1D00797817 /* Debug */,
				CE72F29D21814E1D00797817 /* Release */,
			);
			defaultConfigurationIsVisible = 0;
			defaultConfigurationName = Release;
		};
		CE72F29E21814E1D00797817 /* Build configuration list for PBXNativeTarget "ParseChatTests" */ = {
			isa = XCConfigurationList;
			buildConfigurations = (
				CE72F29F21814E1D00797817 /* Debug */,
				CE72F2A021814E1D00797817 /* Release */,
			);
			defaultConfigurationIsVisible = 0;
			defaultConfigurationName = Release;
		};
		CE72F2A121814E1D00797817 /* Build configuration list for PBXNativeTarget "ParseChatUITests" */ = {
			isa = XCConfigurationList;
			buildConfigurations = (
				CE72F2A221814E1D00797817 /* Debug */,
				CE72F2A321814E1D00797817 /* Release */,
			);
			defaultConfigurationIsVisible = 0;
			defaultConfigurationName = Release;
		};
/* End XCConfigurationList section */
	};
	rootObject = CE72F26B21814E1B00797817 /* Project object */;
}
